// !$*UTF8*$!
{
	archiveVersion = 1;
	classes = {
	};
	objectVersion = 50;
	objects = {

/* Begin PBXBuildFile section */
		365E6FAE21B30710001CBC16 /* AppDelegate.swift in Sources */ = {isa = PBXBuildFile; fileRef = 365E6FAD21B30710001CBC16 /* AppDelegate.swift */; };
		365E6FB021B30710001CBC16 /* ViewController.swift in Sources */ = {isa = PBXBuildFile; fileRef = 365E6FAF21B30710001CBC16 /* ViewController.swift */; };
		365E6FB321B30710001CBC16 /* Main.storyboard in Resources */ = {isa = PBXBuildFile; fileRef = 365E6FB121B30710001CBC16 /* Main.storyboard */; };
		365E6FB621B30710001CBC16 /* MultiMenu.xcdatamodeld in Sources */ = {isa = PBXBuildFile; fileRef = 365E6FB421B30710001CBC16 /* MultiMenu.xcdatamodeld */; };
		365E6FB821B30712001CBC16 /* Assets.xcassets in Resources */ = {isa = PBXBuildFile; fileRef = 365E6FB721B30712001CBC16 /* Assets.xcassets */; };
		365E6FBB21B30712001CBC16 /* LaunchScreen.storyboard in Resources */ = {isa = PBXBuildFile; fileRef = 365E6FB921B30712001CBC16 /* LaunchScreen.storyboard */; };
		365E6FC521B309BF001CBC16 /* MainMenuTableViewController.swift in Sources */ = {isa = PBXBuildFile; fileRef = 365E6FC421B309BF001CBC16 /* MainMenuTableViewController.swift */; };
		365E6FC721B309D2001CBC16 /* SubMenuTableViewController.swift in Sources */ = {isa = PBXBuildFile; fileRef = 365E6FC621B309D2001CBC16 /* SubMenuTableViewController.swift */; };
/* End PBXBuildFile section */

/* Begin PBXFileReference section */
		365E6FAA21B30710001CBC16 /* MultiMenu.app */ = {isa = PBXFileReference; explicitFileType = wrapper.application; includeInIndex = 0; path = MultiMenu.app; sourceTree = BUILT_PRODUCTS_DIR; };
		365E6FAD21B30710001CBC16 /* AppDelegate.swift */ = {isa = PBXFileReference; lastKnownFileType = sourcecode.swift; path = AppDelegate.swift; sourceTree = "<group>"; };
		365E6FAF21B30710001CBC16 /* ViewController.swift */ = {isa = PBXFileReference; lastKnownFileType = sourcecode.swift; path = ViewController.swift; sourceTree = "<group>"; };
		365E6FB221B30710001CBC16 /* Base */ = {isa = PBXFileReference; lastKnownFileType = file.storyboard; name = Base; path = Base.lproj/Main.storyboard; sourceTree = "<group>"; };
		365E6FB521B30710001CBC16 /* MultiMenu.xcdatamodel */ = {isa = PBXFileReference; lastKnownFileType = wrapper.xcdatamodel; path = MultiMenu.xcdatamodel; sourceTree = "<group>"; };
		365E6FB721B30712001CBC16 /* Assets.xcassets */ = {isa = PBXFileReference; lastKnownFileType = folder.assetcatalog; path = Assets.xcassets; sourceTree = "<group>"; };
		365E6FBA21B30712001CBC16 /* Base */ = {isa = PBXFileReference; lastKnownFileType = file.storyboard; name = Base; path = Base.lproj/LaunchScreen.storyboard; sourceTree = "<group>"; };
		365E6FBC21B30712001CBC16 /* Info.plist */ = {isa = PBXFileReference; lastKnownFileType = text.plist.xml; path = Info.plist; sourceTree = "<group>"; };
		365E6FC421B309BF001CBC16 /* MainMenuTableViewController.swift */ = {isa = PBXFileReference; lastKnownFileType = sourcecode.swift; path = MainMenuTableViewController.swift; sourceTree = "<group>"; };
		365E6FC621B309D2001CBC16 /* SubMenuTableViewController.swift */ = {isa = PBXFileReference; lastKnownFileType = sourcecode.swift; path = SubMenuTableViewController.swift; sourceTree = "<group>"; };
/* End PBXFileReference section */

/* Begin PBXFrameworksBuildPhase section */
		365E6FA721B30710001CBC16 /* Frameworks */ = {
			isa = PBXFrameworksBuildPhase;
			buildActionMask = 2147483647;
			files = (
			);
			runOnlyForDeploymentPostprocessing = 0;
		};
/* End PBXFrameworksBuildPhase section */

/* Begin PBXGroup section */
		365E6FA121B3070F001CBC16 = {
			isa = PBXGroup;
			children = (
				365E6FAC21B30710001CBC16 /* MultiMenu */,
				365E6FAB21B30710001CBC16 /* Products */,
			);
			sourceTree = "<group>";
		};
		365E6FAB21B30710001CBC16 /* Products */ = {
			isa = PBXGroup;
			children = (
				365E6FAA21B30710001CBC16 /* MultiMenu.app */,
			);
			name = Products;
			sourceTree = "<group>";
		};
		365E6FAC21B30710001CBC16 /* MultiMenu */ = {
			isa = PBXGroup;
			children = (
				365E6FC221B3097F001CBC16 /* menus */,
				365E6FAD21B30710001CBC16 /* AppDelegate.swift */,
				365E6FAF21B30710001CBC16 /* ViewController.swift */,
				365E6FB121B30710001CBC16 /* Main.storyboard */,
				365E6FB721B30712001CBC16 /* Assets.xcassets */,
				365E6FB921B30712001CBC16 /* LaunchScreen.storyboard */,
				365E6FBC21B30712001CBC16 /* Info.plist */,
				365E6FB421B30710001CBC16 /* MultiMenu.xcdatamodeld */,
			);
			path = MultiMenu;
			sourceTree = "<group>";
		};
		365E6FC221B3097F001CBC16 /* menus */ = {
			isa = PBXGroup;
			children = (
				365E6FC421B309BF001CBC16 /* MainMenuTableViewController.swift */,
				365E6FC621B309D2001CBC16 /* SubMenuTableViewController.swift */,
			);
			path = menus;
			sourceTree = "<group>";
		};
/* End PBXGroup section */

/* Begin PBXNativeTarget section */
		365E6FA921B30710001CBC16 /* MultiMenu */ = {
			isa = PBXNativeTarget;
			buildConfigurationList = 365E6FBF21B30712001CBC16 /* Build configuration list for PBXNativeTarget "MultiMenu" */;
			buildPhases = (
				365E6FA621B30710001CBC16 /* Sources */,
				365E6FA721B30710001CBC16 /* Frameworks */,
				365E6FA821B30710001CBC16 /* Resources */,
			);
			buildRules = (
			);
			dependencies = (
			);
			name = MultiMenu;
			productName = MultiMenu;
			productReference = 365E6FAA21B30710001CBC16 /* MultiMenu.app */;
			productType = "com.apple.product-type.application";
		};
/* End PBXNativeTarget section */

/* Begin PBXProject section */
		365E6FA221B3070F001CBC16 /* Project object */ = {
			isa = PBXProject;
			attributes = {
				LastSwiftUpdateCheck = 1000;
				LastUpgradeCheck = 1000;
				ORGANIZATIONNAME = "Charles Konkol";
				TargetAttributes = {
					365E6FA921B30710001CBC16 = {
						CreatedOnToolsVersion = 10.0;
					};
				};
			};
			buildConfigurationList = 365E6FA521B3070F001CBC16 /* Build configuration list for PBXProject "MultiMenu" */;
			compatibilityVersion = "Xcode 9.3";
			developmentRegion = en;
			hasScannedForEncodings = 0;
			knownRegions = (
				en,
				Base,
			);
			mainGroup = 365E6FA121B3070F001CBC16;
			productRefGroup = 365E6FAB21B30710001CBC16 /* Products */;
			projectDirPath = "";
			projectRoot = "";
			targets = (
				365E6FA921B30710001CBC16 /* MultiMenu */,
			);
		};
/* End PBXProject section */

/* Begin PBXResourcesBuildPhase section */
		365E6FA821B30710001CBC16 /* Resources */ = {
			isa = PBXResourcesBuildPhase;
			buildActionMask = 2147483647;
			files = (
				365E6FBB21B30712001CBC16 /* LaunchScreen.storyboard in Resources */,
				365E6FB821B30712001CBC16 /* Assets.xcassets in Resources */,
				365E6FB321B30710001CBC16 /* Main.storyboard in Resources */,
			);
			runOnlyForDeploymentPostprocessing = 0;
		};
/* End PBXResourcesBuildPhase section */

/* Begin PBXSourcesBuildPhase section */
		365E6FA621B30710001CBC16 /* Sources */ = {
			isa = PBXSourcesBuildPhase;
			buildActionMask = 2147483647;
			files = (
				365E6FB021B30710001CBC16 /* ViewController.swift in Sources */,
				365E6FC721B309D2001CBC16 /* SubMenuTableViewController.swift in Sources */,
				365E6FB621B30710001CBC16 /* MultiMenu.xcdatamodeld in Sources */,
				365E6FAE21B30710001CBC16 /* AppDelegate.swift in Sources */,
				365E6FC521B309BF001CBC16 /* MainMenuTableViewController.swift in Sources */,
			);
			runOnlyForDeploymentPostprocessing = 0;
		};
/* End PBXSourcesBuildPhase section */

/* Begin PBXVariantGroup section */
		365E6FB121B30710001CBC16 /* Main.storyboard */ = {
			isa = PBXVariantGroup;
			children = (
				365E6FB221B30710001CBC16 /* Base */,
			);
			name = Main.storyboard;
			sourceTree = "<group>";
		};
		365E6FB921B30712001CBC16 /* LaunchScreen.storyboard */ = {
			isa = PBXVariantGroup;
			children = (
				365E6FBA21B30712001CBC16 /* Base */,
			);
			name = LaunchScreen.storyboard;
			sourceTree = "<group>";
		};
/* End PBXVariantGroup section */

/* Begin XCBuildConfiguration section */
		365E6FBD21B30712001CBC16 /* Debug */ = {
			isa = XCBuildConfiguration;
			buildSettings = {
				ALWAYS_SEARCH_USER_PATHS = NO;
				CLANG_ANALYZER_NONNULL = YES;
				CLANG_ANALYZER_NUMBER_OBJECT_CONVERSION = YES_AGGRESSIVE;
				CLANG_CXX_LANGUAGE_STANDARD = "gnu++14";
				CLANG_CXX_LIBRARY = "libc++";
				CLANG_ENABLE_MODULES = YES;
				CLANG_ENABLE_OBJC_ARC = YES;
				CLANG_ENABLE_OBJC_WEAK = YES;
				CLANG_WARN_BLOCK_CAPTURE_AUTORELEASING = YES;
				CLANG_WARN_BOOL_CONVERSION = YES;
				CLANG_WARN_COMMA = YES;
				CLANG_WARN_CONSTANT_CONVERSION = YES;
				CLANG_WARN_DEPRECATED_OBJC_IMPLEMENTATIONS = YES;
				CLANG_WARN_DIRECT_OBJC_ISA_USAGE = YES_ERROR;
				CLANG_WARN_DOCUMENTATION_COMMENTS = YES;
				CLANG_WARN_EMPTY_BODY = YES;
				CLANG_WARN_ENUM_CONVERSION = YES;
				CLANG_WARN_INFINITE_RECURSION = YES;
				CLANG_WARN_INT_CONVERSION = YES;
				CLANG_WARN_NON_LITERAL_NULL_CONVERSION = YES;
				CLANG_WARN_OBJC_IMPLICIT_RETAIN_SELF = YES;
				CLANG_WARN_OBJC_LITERAL_CONVERSION = YES;
				CLANG_WARN_OBJC_ROOT_CLASS = YES_ERROR;
				CLANG_WARN_RANGE_LOOP_ANALYSIS = YES;
				CLANG_WARN_STRICT_PROTOTYPES = YES;
				CLANG_WARN_SUSPICIOUS_MOVE = YES;
				CLANG_WARN_UNGUARDED_AVAILABILITY = YES_AGGRESSIVE;
				CLANG_WARN_UNREACHABLE_CODE = YES;
				CLANG_WARN__DUPLICATE_METHOD_MATCH = YES;
				CODE_SIGN_IDENTITY = "iPhone Developer";
				COPY_PHASE_STRIP = NO;
				DEBUG_INFORMATION_FORMAT = dwarf;
				ENABLE_STRICT_OBJC_MSGSEND = YES;
				ENABLE_TESTABILITY = YES;
				GCC_C_LANGUAGE_STANDARD = gnu11;
				GCC_DYNAMIC_NO_PIC = NO;
				GCC_NO_COMMON_BLOCKS = YES;
				GCC_OPTIMIZATION_LEVEL = 0;
				GCC_PREPROCESSOR_DEFINITIONS = (
					"DEBUG=1",
					"$(inherited)",
				);
				GCC_WARN_64_TO_32_BIT_CONVERSION = YES;
				GCC_WARN_ABOUT_RETURN_TYPE = YES_ERROR;
				GCC_WARN_UNDECLARED_SELECTOR = YES;
				GCC_WARN_UNINITIALIZED_AUTOS = YES_AGGRESSIVE;
				GCC_WARN_UNUSED_FUNCTION = YES;
				GCC_WARN_UNUSED_VARIABLE = YES;
				IPHONEOS_DEPLOYMENT_TARGET = 12.0;
				MTL_ENABLE_DEBUG_INFO = INCLUDE_SOURCE;
				MTL_FAST_MATH = YES;
				ONLY_ACTIVE_ARCH = YES;
				SDKROOT = iphoneos;
				SWIFT_ACTIVE_COMPILATION_CONDITIONS = DEBUG;
				SWIFT_OPTIMIZATION_LEVEL = "-Onone";
			};
			name = Debug;
		};
		365E6FBE21B30712001CBC16 /* Release */ = {
			isa = XCBuildConfiguration;
			buildSettings = {
				ALWAYS_SEARCH_USER_PATHS = NO;
				CLANG_ANALYZER_NONNULL = YES;
				CLANG_ANALYZER_NUMBER_OBJECT_CONVERSION = YES_AGGRESSIVE;
				CLANG_CXX_LANGUAGE_STANDARD = "gnu++14";
				CLANG_CXX_LIBRARY = "libc++";
				CLANG_ENABLE_MODULES = YES;
				CLANG_ENABLE_OBJC_ARC = YES;
				CLANG_ENABLE_OBJC_WEAK = YES;
				CLANG_WARN_BLOCK_CAPTURE_AUTORELEASING = YES;
				CLANG_WARN_BOOL_CONVERSION = YES;
				CLANG_WARN_COMMA = YES;
				CLANG_WARN_CONSTANT_CONVERSION = YES;
				CLANG_WARN_DEPRECATED_OBJC_IMPLEMENTATIONS = YES;
				CLANG_WARN_DIRECT_OBJC_ISA_USAGE = YES_ERROR;
				CLANG_WARN_DOCUMENTATION_COMMENTS = YES;
				CLANG_WARN_EMPTY_BODY = YES;
				CLANG_WARN_ENUM_CONVERSION = YES;
				CLANG_WARN_INFINITE_RECURSION = YES;
				CLANG_WARN_INT_CONVERSION = YES;
				CLANG_WARN_NON_LITERAL_NULL_CONVERSION = YES;
				CLANG_WARN_OBJC_IMPLICIT_RETAIN_SELF = YES;
				CLANG_WARN_OBJC_LITERAL_CONVERSION = YES;
				CLANG_WARN_OBJC_ROOT_CLASS = YES_ERROR;
				CLANG_WARN_RANGE_LOOP_ANALYSIS = YES;
				CLANG_WARN_STRICT_PROTOTYPES = YES;
				CLANG_WARN_SUSPICIOUS_MOVE = YES;
				CLANG_WARN_UNGUARDED_AVAILABILITY = YES_AGGRESSIVE;
				CLANG_WARN_UNREACHABLE_CODE = YES;
				CLANG_WARN__DUPLICATE_METHOD_MATCH = YES;
				CODE_SIGN_IDENTITY = "iPhone Developer";
				COPY_PHASE_STRIP = NO;
				DEBUG_INFORMATION_FORMAT = "dwarf-with-dsym";
				ENABLE_NS_ASSERTIONS = NO;
				ENABLE_STRICT_OBJC_MSGSEND = YES;
				GCC_C_LANGUAGE_STANDARD = gnu11;
				GCC_NO_COMMON_BLOCKS = YES;
				GCC_WARN_64_TO_32_BIT_CONVERSION = YES;
				GCC_WARN_ABOUT_RETURN_TYPE = YES_ERROR;
				GCC_WARN_UNDECLARED_SELECTOR = YES;
				GCC_WARN_UNINITIALIZED_AUTOS = YES_AGGRESSIVE;
				GCC_WARN_UNUSED_FUNCTION = YES;
				GCC_WARN_UNUSED_VARIABLE = YES;
				IPHONEOS_DEPLOYMENT_TARGET = 12.0;
				MTL_ENABLE_DEBUG_INFO = NO;
				MTL_FAST_MATH = YES;
				SDKROOT = iphoneos;
				SWIFT_COMPILATION_MODE = wholemodule;
				SWIFT_OPTIMIZATION_LEVEL = "-O";
				VALIDATE_PRODUCT = YES;
			};
			name = Release;
		};
		365E6FC021B30712001CBC16 /* Debug */ = {
			isa = XCBuildConfiguration;
			buildSettings = {
				ASSETCATALOG_COMPILER_APPICON_NAME = AppIcon;
				CODE_SIGN_STYLE = Automatic;
				INFOPLIST_FILE = MultiMenu/Info.plist;
				LD_RUNPATH_SEARCH_PATHS = (
					"$(inherited)",
					"@executable_path/Frameworks",
				);
				PRODUCT_BUNDLE_IDENTIFIER = com.ckonkol.MultiMenu;
				PRODUCT_NAME = "$(TARGET_NAME)";
				SWIFT_VERSION = 4.2;
				TARGETED_DEVICE_FAMILY = "1,2";
			};
			name = Debug;
		};
		365E6FC121B30712001CBC16 /* Release */ = {
			isa = XCBuildConfiguration;
			buildSettings = {
				ASSETCATALOG_COMPILER_APPICON_NAME = AppIcon;
				CODE_SIGN_STYLE = Automatic;
				INFOPLIST_FILE = MultiMenu/Info.plist;
				LD_RUNPATH_SEARCH_PATHS = (
					"$(inherited)",
					"@executable_path/Frameworks",
				);
				PRODUCT_BUNDLE_IDENTIFIER = com.ckonkol.MultiMenu;
				PRODUCT_NAME = "$(TARGET_NAME)";
				SWIFT_VERSION = 4.2;
				TARGETED_DEVICE_FAMILY = "1,2";
			};
			name = Release;
		};
/* End XCBuildConfiguration section */

/* Begin XCConfigurationList section */
		365E6FA521B3070F001CBC16 /* Build configuration list for PBXProject "MultiMenu" */ = {
			isa = XCConfigurationList;
			buildConfigurations = (
				365E6FBD21B30712001CBC16 /* Debug */,
				365E6FBE21B30712001CBC16 /* Release */,
			);
			defaultConfigurationIsVisible = 0;
			defaultConfigurationName = Release;
		};
		365E6FBF21B30712001CBC16 /* Build configuration list for PBXNativeTarget "MultiMenu" */ = {
			isa = XCConfigurationList;
			buildConfigurations = (
				365E6FC021B30712001CBC16 /* Debug */,
				365E6FC121B30712001CBC16 /* Release */,
			);
			defaultConfigurationIsVisible = 0;
			defaultConfigurationName = Release;
		};
/* End XCConfigurationList section */

/* Begin XCVersionGroup section */
		365E6FB421B30710001CBC16 /* MultiMenu.xcdatamodeld */ = {
			isa = XCVersionGroup;
			children = (
				365E6FB521B30710001CBC16 /* MultiMenu.xcdatamodel */,
			);
			currentVersion = 365E6FB521B30710001CBC16 /* MultiMenu.xcdatamodel */;
			path = MultiMenu.xcdatamodeld;
			sourceTree = "<group>";
			versionGroupType = wrapper.xcdatamodel;
		};
/* End XCVersionGroup section */
	};
	rootObject = 365E6FA221B3070F001CBC16 /* Project object */;
}
